
Microsoft Visual Studio Solution File, Format Version 12.00
# Visual Studio Version 17
VisualStudioVersion = 17.5.002.0
MinimumVisualStudioVersion = 10.0.40219.1
Project("{2150E333-8FDC-42A3-9474-1A3956D46DE8}") = "Lista-1", "Lista-1", "{C557E63C-73F7-4D8A-B3CB-446E4304D928}"
EndProject
Project("{9A19103F-16F7-4668-BE54-9A1E7A4F7556}") = "Exercicio-1", "Lista-1\Exercicio-1\Exercicio-1.csproj", "{794AEEDB-E874-4A7B-9FC4-894055ADD987}"
EndProject
Project("{9A19103F-16F7-4668-BE54-9A1E7A4F7556}") = "Exercicio-2", "Lista-1\Exercicio-2\Exercicio-2.csproj", "{7BC46BEB-87A3-48B1-9A1F-576D3F9789C5}"
EndProject
Project("{9A19103F-16F7-4668-BE54-9A1E7A4F7556}") = "Exercicio-3", "Lista-1\Exercicio-3\Exercicio-3.csproj", "{317D42FD-1F3B-44A0-BF80-B70E6B495ED8}"
EndProject
Project("{9A19103F-16F7-4668-BE54-9A1E7A4F7556}") = "Exercicio-4", "Lista-1\Exercicio-4\Exercicio-4.csproj", "{9C9FC4F2-118F-4288-AFF2-AC9201672A76}"
EndProject
Project("{9A19103F-16F7-4668-BE54-9A1E7A4F7556}") = "Exercicio-5", "Lista-1\Exercicio-5\Exercicio-5.csproj", "{BFD415C2-57B9-40BC-9BBC-D4CDFCFABC39}"
EndProject
Project("{9A19103F-16F7-4668-BE54-9A1E7A4F7556}") = "Exercicio-6", "Lista-1\Exercicio-6\Exercicio-6.csproj", "{CD3FF1C7-2474-45AC-85F1-263B74FC1CD8}"
EndProject
Project("{9A19103F-16F7-4668-BE54-9A1E7A4F7556}") = "Exercicio-7", "Lista-1\Exercicio-7\Exercicio-7.csproj", "{91FE2C31-F2F4-468B-8935-C31C4A3D6FA2}"
EndProject
Project("{9A19103F-16F7-4668-BE54-9A1E7A4F7556}") = "Exercicio-8", "Lista-1\Exercicio-8\Exercicio-8.csproj", "{839A77BA-34FF-4C14-940B-366796D5385E}"
EndProject
Project("{2150E333-8FDC-42A3-9474-1A3956D46DE8}") = "Lista-2", "Lista-2", "{E8088D33-30E5-4560-B1F8-9E24A0355E4F}"
EndProject
Project("{9A19103F-16F7-4668-BE54-9A1E7A4F7556}") = "Exercicio-1", "Lista-2\Exercicio-1\Exercicio-1.csproj", "{9D580894-73A3-4298-B927-1F30A5CC7E33}"
EndProject
Project("{9A19103F-16F7-4668-BE54-9A1E7A4F7556}") = "Exercicio-10", "Lista-2\Exercicio-10\Exercicio-10.csproj", "{5DA87EEB-F0C8-4BE6-8F59-7CC41861C924}"
EndProject
Project("{9A19103F-16F7-4668-BE54-9A1E7A4F7556}") = "Exercicio-2", "Lista-2\Exercicio-2\Exercicio-2.csproj", "{95C7592E-6529-424D-8C54-59FAF531FA2A}"
EndProject
Project("{9A19103F-16F7-4668-BE54-9A1E7A4F7556}") = "Exercicio-3", "Lista-2\Exercicio-3\Exercicio-3.csproj", "{731915DA-AD94-4A05-AD24-5812EEE3D3E1}"
EndProject
Project("{9A19103F-16F7-4668-BE54-9A1E7A4F7556}") = "Exercicio-4", "Lista-2\Exercicio-4\Exercicio-4.csproj", "{FD084F09-6911-4CF9-8C24-4F41992E0E3D}"
EndProject
Project("{9A19103F-16F7-4668-BE54-9A1E7A4F7556}") = "Exercicio-5", "Lista-2\Exercicio-5\Exercicio-5.csproj", "{CD3BE45B-176C-4E13-B43D-6BE7BBA5EAB5}"
EndProject
Project("{9A19103F-16F7-4668-BE54-9A1E7A4F7556}") = "Exercicio-6", "Lista-2\Exercicio-6\Exercicio-6.csproj", "{F91ABA21-110E-4637-B670-FBE6406AA9C9}"
EndProject
Project("{9A19103F-16F7-4668-BE54-9A1E7A4F7556}") = "Exercicio-7", "Lista-2\Exercicio-7\Exercicio-7.csproj", "{13FCC9AC-24E3-43F5-8C07-3CB1CFCF6A4A}"
EndProject
Project("{9A19103F-16F7-4668-BE54-9A1E7A4F7556}") = "Exercicio-8", "Lista-2\Exercicio-8\Exercicio-8.csproj", "{E2175DC2-23DC-4996-B36E-80142E7512A2}"
EndProject
Project("{9A19103F-16F7-4668-BE54-9A1E7A4F7556}") = "Exercicio-9", "Lista-2\Exercicio-9\Exercicio-9.csproj", "{9D774D05-EC5B-4B32-974E-29594B13AEEC}"
EndProject
Project("{2150E333-8FDC-42A3-9474-1A3956D46DE8}") = "Lista-3", "Lista-3", "{BFC2C5DB-CB67-4D4D-ABFE-EF389C9874D6}"
EndProject
Project("{9A19103F-16F7-4668-BE54-9A1E7A4F7556}") = "Exercicio-1", "Lista-3\Exercicio-1\Exercicio-1.csproj", "{D18EB025-690B-4F52-9933-6C34D0640D87}"
EndProject
Project("{9A19103F-16F7-4668-BE54-9A1E7A4F7556}") = "Exercicio-2", "Lista-3\Exercicio-2\Exercicio-2.csproj", "{05D4D3A8-DF65-49F7-A520-CE111B8B7899}"
EndProject
Project("{9A19103F-16F7-4668-BE54-9A1E7A4F7556}") = "Exercicio-3", "Lista-3\Exercicio-3\Exercicio-3.csproj", "{48A9282B-538A-406D-82A7-08FAAD976880}"
EndProject
Project("{9A19103F-16F7-4668-BE54-9A1E7A4F7556}") = "Exercicio-4", "Lista-3\Exercicio-4\Exercicio-4.csproj", "{018705DC-0A94-4A97-B399-39907A49A17A}"
EndProject
Project("{9A19103F-16F7-4668-BE54-9A1E7A4F7556}") = "Exercicio-5", "Lista-3\Exercicio-5\Exercicio-5.csproj", "{5435138E-44A1-4236-8D28-05CB96C0888D}"
EndProject
Project("{9A19103F-16F7-4668-BE54-9A1E7A4F7556}") = "Exericicio-6", "Lista-3\Exercicio-6\Exericicio-6.csproj", "{45D77B6A-6AAF-4C8F-896A-1D6978537500}"
EndProject
Project("{9A19103F-16F7-4668-BE54-9A1E7A4F7556}") = "Exercicio-7", "Lista-3\Exercicio-7\Exercicio-7.csproj", "{B60F489B-278B-4024-8F6D-471CF80B8367}"
EndProject
Global
	GlobalSection(SolutionConfigurationPlatforms) = preSolution
		Debug|Any CPU = Debug|Any CPU
		Release|Any CPU = Release|Any CPU
	EndGlobalSection
	GlobalSection(ProjectConfigurationPlatforms) = postSolution
		{794AEEDB-E874-4A7B-9FC4-894055ADD987}.Debug|Any CPU.ActiveCfg = Debug|Any CPU
		{794AEEDB-E874-4A7B-9FC4-894055ADD987}.Debug|Any CPU.Build.0 = Debug|Any CPU
		{794AEEDB-E874-4A7B-9FC4-894055ADD987}.Release|Any CPU.ActiveCfg = Release|Any CPU
		{794AEEDB-E874-4A7B-9FC4-894055ADD987}.Release|Any CPU.Build.0 = Release|Any CPU
		{7BC46BEB-87A3-48B1-9A1F-576D3F9789C5}.Debug|Any CPU.ActiveCfg = Debug|Any CPU
		{7BC46BEB-87A3-48B1-9A1F-576D3F9789C5}.Debug|Any CPU.Build.0 = Debug|Any CPU
		{7BC46BEB-87A3-48B1-9A1F-576D3F9789C5}.Release|Any CPU.ActiveCfg = Release|Any CPU
		{7BC46BEB-87A3-48B1-9A1F-576D3F9789C5}.Release|Any CPU.Build.0 = Release|Any CPU
		{317D42FD-1F3B-44A0-BF80-B70E6B495ED8}.Debug|Any CPU.ActiveCfg = Debug|Any CPU
		{317D42FD-1F3B-44A0-BF80-B70E6B495ED8}.Debug|Any CPU.Build.0 = Debug|Any CPU
		{317D42FD-1F3B-44A0-BF80-B70E6B495ED8}.Release|Any CPU.ActiveCfg = Release|Any CPU
		{317D42FD-1F3B-44A0-BF80-B70E6B495ED8}.Release|Any CPU.Build.0 = Release|Any CPU
		{9C9FC4F2-118F-4288-AFF2-AC9201672A76}.Debug|Any CPU.ActiveCfg = Debug|Any CPU
		{9C9FC4F2-118F-4288-AFF2-AC9201672A76}.Debug|Any CPU.Build.0 = Debug|Any CPU
		{9C9FC4F2-118F-4288-AFF2-AC9201672A76}.Release|Any CPU.ActiveCfg = Release|Any CPU
		{9C9FC4F2-118F-4288-AFF2-AC9201672A76}.Release|Any CPU.Build.0 = Release|Any CPU
		{BFD415C2-57B9-40BC-9BBC-D4CDFCFABC39}.Debug|Any CPU.ActiveCfg = Debug|Any CPU
		{BFD415C2-57B9-40BC-9BBC-D4CDFCFABC39}.Debug|Any CPU.Build.0 = Debug|Any CPU
		{BFD415C2-57B9-40BC-9BBC-D4CDFCFABC39}.Release|Any CPU.ActiveCfg = Release|Any CPU
		{BFD415C2-57B9-40BC-9BBC-D4CDFCFABC39}.Release|Any CPU.Build.0 = Release|Any CPU
		{CD3FF1C7-2474-45AC-85F1-263B74FC1CD8}.Debug|Any CPU.ActiveCfg = Debug|Any CPU
		{CD3FF1C7-2474-45AC-85F1-263B74FC1CD8}.Debug|Any CPU.Build.0 = Debug|Any CPU
		{CD3FF1C7-2474-45AC-85F1-263B74FC1CD8}.Release|Any CPU.ActiveCfg = Release|Any CPU
		{CD3FF1C7-2474-45AC-85F1-263B74FC1CD8}.Release|Any CPU.Build.0 = Release|Any CPU
		{91FE2C31-F2F4-468B-8935-C31C4A3D6FA2}.Debug|Any CPU.ActiveCfg = Debug|Any CPU
		{91FE2C31-F2F4-468B-8935-C31C4A3D6FA2}.Debug|Any CPU.Build.0 = Debug|Any CPU
		{91FE2C31-F2F4-468B-8935-C31C4A3D6FA2}.Release|Any CPU.ActiveCfg = Release|Any CPU
		{91FE2C31-F2F4-468B-8935-C31C4A3D6FA2}.Release|Any CPU.Build.0 = Release|Any CPU
		{839A77BA-34FF-4C14-940B-366796D5385E}.Debug|Any CPU.ActiveCfg = Debug|Any CPU
		{839A77BA-34FF-4C14-940B-366796D5385E}.Debug|Any CPU.Build.0 = Debug|Any CPU
		{839A77BA-34FF-4C14-940B-366796D5385E}.Release|Any CPU.ActiveCfg = Release|Any CPU
		{839A77BA-34FF-4C14-940B-366796D5385E}.Release|Any CPU.Build.0 = Release|Any CPU
		{9D580894-73A3-4298-B927-1F30A5CC7E33}.Debug|Any CPU.ActiveCfg = Debug|Any CPU
		{9D580894-73A3-4298-B927-1F30A5CC7E33}.Debug|Any CPU.Build.0 = Debug|Any CPU
		{9D580894-73A3-4298-B927-1F30A5CC7E33}.Release|Any CPU.ActiveCfg = Release|Any CPU
		{9D580894-73A3-4298-B927-1F30A5CC7E33}.Release|Any CPU.Build.0 = Release|Any CPU
		{5DA87EEB-F0C8-4BE6-8F59-7CC41861C924}.Debug|Any CPU.ActiveCfg = Debug|Any CPU
		{5DA87EEB-F0C8-4BE6-8F59-7CC41861C924}.Debug|Any CPU.Build.0 = Debug|Any CPU
		{5DA87EEB-F0C8-4BE6-8F59-7CC41861C924}.Release|Any CPU.ActiveCfg = Release|Any CPU
		{5DA87EEB-F0C8-4BE6-8F59-7CC41861C924}.Release|Any CPU.Build.0 = Release|Any CPU
		{95C7592E-6529-424D-8C54-59FAF531FA2A}.Debug|Any CPU.ActiveCfg = Debug|Any CPU
		{95C7592E-6529-424D-8C54-59FAF531FA2A}.Debug|Any CPU.Build.0 = Debug|Any CPU
		{95C7592E-6529-424D-8C54-59FAF531FA2A}.Release|Any CPU.ActiveCfg = Release|Any CPU
		{95C7592E-6529-424D-8C54-59FAF531FA2A}.Release|Any CPU.Build.0 = Release|Any CPU
		{731915DA-AD94-4A05-AD24-5812EEE3D3E1}.Debug|Any CPU.ActiveCfg = Debug|Any CPU
		{731915DA-AD94-4A05-AD24-5812EEE3D3E1}.Debug|Any CPU.Build.0 = Debug|Any CPU
		{731915DA-AD94-4A05-AD24-5812EEE3D3E1}.Release|Any CPU.ActiveCfg = Release|Any CPU
		{731915DA-AD94-4A05-AD24-5812EEE3D3E1}.Release|Any CPU.Build.0 = Release|Any CPU
		{FD084F09-6911-4CF9-8C24-4F41992E0E3D}.Debug|Any CPU.ActiveCfg = Debug|Any CPU
		{FD084F09-6911-4CF9-8C24-4F41992E0E3D}.Debug|Any CPU.Build.0 = Debug|Any CPU
		{FD084F09-6911-4CF9-8C24-4F41992E0E3D}.Release|Any CPU.ActiveCfg = Release|Any CPU
		{FD084F09-6911-4CF9-8C24-4F41992E0E3D}.Release|Any CPU.Build.0 = Release|Any CPU
		{CD3BE45B-176C-4E13-B43D-6BE7BBA5EAB5}.Debug|Any CPU.ActiveCfg = Debug|Any CPU
		{CD3BE45B-176C-4E13-B43D-6BE7BBA5EAB5}.Debug|Any CPU.Build.0 = Debug|Any CPU
		{CD3BE45B-176C-4E13-B43D-6BE7BBA5EAB5}.Release|Any CPU.ActiveCfg = Release|Any CPU
		{CD3BE45B-176C-4E13-B43D-6BE7BBA5EAB5}.Release|Any CPU.Build.0 = Release|Any CPU
		{F91ABA21-110E-4637-B670-FBE6406AA9C9}.Debug|Any CPU.ActiveCfg = Debug|Any CPU
		{F91ABA21-110E-4637-B670-FBE6406AA9C9}.Debug|Any CPU.Build.0 = Debug|Any CPU
		{F91ABA21-110E-4637-B670-FBE6406AA9C9}.Release|Any CPU.ActiveCfg = Release|Any CPU
		{F91ABA21-110E-4637-B670-FBE6406AA9C9}.Release|Any CPU.Build.0 = Release|Any CPU
		{13FCC9AC-24E3-43F5-8C07-3CB1CFCF6A4A}.Debug|Any CPU.ActiveCfg = Debug|Any CPU
		{13FCC9AC-24E3-43F5-8C07-3CB1CFCF6A4A}.Debug|Any CPU.Build.0 = Debug|Any CPU
		{13FCC9AC-24E3-43F5-8C07-3CB1CFCF6A4A}.Release|Any CPU.ActiveCfg = Release|Any CPU
		{13FCC9AC-24E3-43F5-8C07-3CB1CFCF6A4A}.Release|Any CPU.Build.0 = Release|Any CPU
		{E2175DC2-23DC-4996-B36E-80142E7512A2}.Debug|Any CPU.ActiveCfg = Debug|Any CPU
		{E2175DC2-23DC-4996-B36E-80142E7512A2}.Debug|Any CPU.Build.0 = Debug|Any CPU
		{E2175DC2-23DC-4996-B36E-80142E7512A2}.Release|Any CPU.ActiveCfg = Release|Any CPU
		{E2175DC2-23DC-4996-B36E-80142E7512A2}.Release|Any CPU.Build.0 = Release|Any CPU
		{9D774D05-EC5B-4B32-974E-29594B13AEEC}.Debug|Any CPU.ActiveCfg = Debug|Any CPU
		{9D774D05-EC5B-4B32-974E-29594B13AEEC}.Debug|Any CPU.Build.0 = Debug|Any CPU
		{9D774D05-EC5B-4B32-974E-29594B13AEEC}.Release|Any CPU.ActiveCfg = Release|Any CPU
		{9D774D05-EC5B-4B32-974E-29594B13AEEC}.Release|Any CPU.Build.0 = Release|Any CPU
		{D18EB025-690B-4F52-9933-6C34D0640D87}.Debug|Any CPU.ActiveCfg = Debug|Any CPU
		{D18EB025-690B-4F52-9933-6C34D0640D87}.Debug|Any CPU.Build.0 = Debug|Any CPU
		{D18EB025-690B-4F52-9933-6C34D0640D87}.Release|Any CPU.ActiveCfg = Release|Any CPU
		{D18EB025-690B-4F52-9933-6C34D0640D87}.Release|Any CPU.Build.0 = Release|Any CPU
		{05D4D3A8-DF65-49F7-A520-CE111B8B7899}.Debug|Any CPU.ActiveCfg = Debug|Any CPU
		{05D4D3A8-DF65-49F7-A520-CE111B8B7899}.Debug|Any CPU.Build.0 = Debug|Any CPU
		{05D4D3A8-DF65-49F7-A520-CE111B8B7899}.Release|Any CPU.ActiveCfg = Release|Any CPU
		{05D4D3A8-DF65-49F7-A520-CE111B8B7899}.Release|Any CPU.Build.0 = Release|Any CPU
		{48A9282B-538A-406D-82A7-08FAAD976880}.Debug|Any CPU.ActiveCfg = Debug|Any CPU
		{48A9282B-538A-406D-82A7-08FAAD976880}.Debug|Any CPU.Build.0 = Debug|Any CPU
		{48A9282B-538A-406D-82A7-08FAAD976880}.Release|Any CPU.ActiveCfg = Release|Any CPU
		{48A9282B-538A-406D-82A7-08FAAD976880}.Release|Any CPU.Build.0 = Release|Any CPU
		{018705DC-0A94-4A97-B399-39907A49A17A}.Debug|Any CPU.ActiveCfg = Debug|Any CPU
		{018705DC-0A94-4A97-B399-39907A49A17A}.Debug|Any CPU.Build.0 = Debug|Any CPU
		{018705DC-0A94-4A97-B399-39907A49A17A}.Release|Any CPU.ActiveCfg = Release|Any CPU
		{018705DC-0A94-4A97-B399-39907A49A17A}.Release|Any CPU.Build.0 = Release|Any CPU
		{5435138E-44A1-4236-8D28-05CB96C0888D}.Debug|Any CPU.ActiveCfg = Debug|Any CPU
		{5435138E-44A1-4236-8D28-05CB96C0888D}.Debug|Any CPU.Build.0 = Debug|Any CPU
		{5435138E-44A1-4236-8D28-05CB96C0888D}.Release|Any CPU.ActiveCfg = Release|Any CPU
		{5435138E-44A1-4236-8D28-05CB96C0888D}.Release|Any CPU.Build.0 = Release|Any CPU
		{45D77B6A-6AAF-4C8F-896A-1D6978537500}.Debug|Any CPU.ActiveCfg = Debug|Any CPU
		{45D77B6A-6AAF-4C8F-896A-1D6978537500}.Debug|Any CPU.Build.0 = Debug|Any CPU
		{45D77B6A-6AAF-4C8F-896A-1D6978537500}.Release|Any CPU.ActiveCfg = Release|Any CPU
		{45D77B6A-6AAF-4C8F-896A-1D6978537500}.Release|Any CPU.Build.0 = Release|Any CPU
		{B60F489B-278B-4024-8F6D-471CF80B8367}.Debug|Any CPU.ActiveCfg = Debug|Any CPU
		{B60F489B-278B-4024-8F6D-471CF80B8367}.Debug|Any CPU.Build.0 = Debug|Any CPU
		{B60F489B-278B-4024-8F6D-471CF80B8367}.Release|Any CPU.ActiveCfg = Release|Any CPU
		{B60F489B-278B-4024-8F6D-471CF80B8367}.Release|Any CPU.Build.0 = Release|Any CPU
	EndGlobalSection
	GlobalSection(SolutionProperties) = preSolution
		HideSolutionNode = FALSE
	EndGlobalSection
	GlobalSection(NestedProjects) = preSolution
		{794AEEDB-E874-4A7B-9FC4-894055ADD987} = {C557E63C-73F7-4D8A-B3CB-446E4304D928}
		{7BC46BEB-87A3-48B1-9A1F-576D3F9789C5} = {C557E63C-73F7-4D8A-B3CB-446E4304D928}
		{317D42FD-1F3B-44A0-BF80-B70E6B495ED8} = {C557E63C-73F7-4D8A-B3CB-446E4304D928}
		{9C9FC4F2-118F-4288-AFF2-AC9201672A76} = {C557E63C-73F7-4D8A-B3CB-446E4304D928}
		{BFD415C2-57B9-40BC-9BBC-D4CDFCFABC39} = {C557E63C-73F7-4D8A-B3CB-446E4304D928}
		{CD3FF1C7-2474-45AC-85F1-263B74FC1CD8} = {C557E63C-73F7-4D8A-B3CB-446E4304D928}
		{91FE2C31-F2F4-468B-8935-C31C4A3D6FA2} = {C557E63C-73F7-4D8A-B3CB-446E4304D928}
		{839A77BA-34FF-4C14-940B-366796D5385E} = {C557E63C-73F7-4D8A-B3CB-446E4304D928}
		{9D580894-73A3-4298-B927-1F30A5CC7E33} = {E8088D33-30E5-4560-B1F8-9E24A0355E4F}
		{5DA87EEB-F0C8-4BE6-8F59-7CC41861C924} = {E8088D33-30E5-4560-B1F8-9E24A0355E4F}
		{95C7592E-6529-424D-8C54-59FAF531FA2A} = {E8088D33-30E5-4560-B1F8-9E24A0355E4F}
		{731915DA-AD94-4A05-AD24-5812EEE3D3E1} = {E8088D33-30E5-4560-B1F8-9E24A0355E4F}
		{FD084F09-6911-4CF9-8C24-4F41992E0E3D} = {E8088D33-30E5-4560-B1F8-9E24A0355E4F}
		{CD3BE45B-176C-4E13-B43D-6BE7BBA5EAB5} = {E8088D33-30E5-4560-B1F8-9E24A0355E4F}
		{F91ABA21-110E-4637-B670-FBE6406AA9C9} = {E8088D33-30E5-4560-B1F8-9E24A0355E4F}
		{13FCC9AC-24E3-43F5-8C07-3CB1CFCF6A4A} = {E8088D33-30E5-4560-B1F8-9E24A0355E4F}
		{E2175DC2-23DC-4996-B36E-80142E7512A2} = {E8088D33-30E5-4560-B1F8-9E24A0355E4F}
		{9D774D05-EC5B-4B32-974E-29594B13AEEC} = {E8088D33-30E5-4560-B1F8-9E24A0355E4F}
		{D18EB025-690B-4F52-9933-6C34D0640D87} = {BFC2C5DB-CB67-4D4D-ABFE-EF389C9874D6}
		{05D4D3A8-DF65-49F7-A520-CE111B8B7899} = {BFC2C5DB-CB67-4D4D-ABFE-EF389C9874D6}
		{48A9282B-538A-406D-82A7-08FAAD976880} = {BFC2C5DB-CB67-4D4D-ABFE-EF389C9874D6}
		{018705DC-0A94-4A97-B399-39907A49A17A} = {BFC2C5DB-CB67-4D4D-ABFE-EF389C9874D6}
		{5435138E-44A1-4236-8D28-05CB96C0888D} = {BFC2C5DB-CB67-4D4D-ABFE-EF389C9874D6}
		{45D77B6A-6AAF-4C8F-896A-1D6978537500} = {BFC2C5DB-CB67-4D4D-ABFE-EF389C9874D6}
		{B60F489B-278B-4024-8F6D-471CF80B8367} = {BFC2C5DB-CB67-4D4D-ABFE-EF389C9874D6}
	EndGlobalSection
	GlobalSection(ExtensibilityGlobals) = postSolution
		SolutionGuid = {37A81A3A-7659-429E-B93B-8059F0A2A108}
	EndGlobalSection
EndGlobal
