
Microsoft Visual Studio Solution File, Format Version 12.00
# Visual Studio Version 17
VisualStudioVersion = 17.5.002.0
MinimumVisualStudioVersion = 10.0.40219.1
Project("{2150E333-8FDC-42A3-9474-1A3956D46DE8}") = "Atividade-1", "Atividade-1", "{7076E973-EF0C-44DF-A3DF-E5C1E11BD53A}"
EndProject
Project("{9A19103F-16F7-4668-BE54-9A1E7A4F7556}") = "Exercicio-1", "Atividade-1\Exercicio-1\Exercicio-1.csproj", "{BCDC9BE4-7000-472F-B4F6-6697D2B9C385}"
EndProject
Global
	GlobalSection(SolutionConfigurationPlatforms) = preSolution
		Debug|Any CPU = Debug|Any CPU
		Release|Any CPU = Release|Any CPU
	EndGlobalSection
	GlobalSection(ProjectConfigurationPlatforms) = postSolution
		{BCDC9BE4-7000-472F-B4F6-6697D2B9C385}.Debug|Any CPU.ActiveCfg = Debug|Any CPU
		{BCDC9BE4-7000-472F-B4F6-6697D2B9C385}.Debug|Any CPU.Build.0 = Debug|Any CPU
		{BCDC9BE4-7000-472F-B4F6-6697D2B9C385}.Release|Any CPU.ActiveCfg = Release|Any CPU
		{BCDC9BE4-7000-472F-B4F6-6697D2B9C385}.Release|Any CPU.Build.0 = Release|Any CPU
	EndGlobalSection
	GlobalSection(SolutionProperties) = preSolution
		HideSolutionNode = FALSE
	EndGlobalSection
	GlobalSection(NestedProjects) = preSolution
		{BCDC9BE4-7000-472F-B4F6-6697D2B9C385} = {7076E973-EF0C-44DF-A3DF-E5C1E11BD53A}
	EndGlobalSection
	GlobalSection(ExtensibilityGlobals) = postSolution
		SolutionGuid = {17BE4F3C-248E-44E1-8E5C-90E36D6B4155}
	EndGlobalSection
EndGlobal
